
Microsoft Visual Studio Solution File, Format Version 12.00
# Visual Studio Version 16
VisualStudioVersion = 16.0.29609.76
MinimumVisualStudioVersion = 10.0.40219.1
Project("{FAE04EC0-301F-11D3-BF4B-00C04F79EFBC}") = "Covid19_Dashboard", "Covid19_Dashoboard\Covid19_Dashboard.csproj", "{821A4412-A7B4-4884-AA40-335362F11994}"
EndProject
Project("{FAE04EC0-301F-11D3-BF4B-00C04F79EFBC}") = "Covid19_Tests", "Covid19_Tests\Covid19_Tests.csproj", "{B5D0A67C-1286-40DA-8477-C2267C2EE039}"
EndProject
Global
	GlobalSection(SolutionConfigurationPlatforms) = preSolution
		Debug|Any CPU = Debug|Any CPU
		Release|Any CPU = Release|Any CPU
	EndGlobalSection
	GlobalSection(ProjectConfigurationPlatforms) = postSolution
		{821A4412-A7B4-4884-AA40-335362F11994}.Debug|Any CPU.ActiveCfg = Debug|Any CPU
		{821A4412-A7B4-4884-AA40-335362F11994}.Debug|Any CPU.Build.0 = Debug|Any CPU
		{821A4412-A7B4-4884-AA40-335362F11994}.Release|Any CPU.ActiveCfg = Release|Any CPU
		{821A4412-A7B4-4884-AA40-335362F11994}.Release|Any CPU.Build.0 = Release|Any CPU
		{B5D0A67C-1286-40DA-8477-C2267C2EE039}.Debug|Any CPU.ActiveCfg = Debug|Any CPU
		{B5D0A67C-1286-40DA-8477-C2267C2EE039}.Debug|Any CPU.Build.0 = Debug|Any CPU
		{B5D0A67C-1286-40DA-8477-C2267C2EE039}.Release|Any CPU.ActiveCfg = Release|Any CPU
		{B5D0A67C-1286-40DA-8477-C2267C2EE039}.Release|Any CPU.Build.0 = Release|Any CPU
	EndGlobalSection
	GlobalSection(SolutionProperties) = preSolution
		HideSolutionNode = FALSE
	EndGlobalSection
	GlobalSection(ExtensibilityGlobals) = postSolution
		SolutionGuid = {D84C6CA1-207F-4547-94E4-FCF523DF5614}
	EndGlobalSection
EndGlobal
